
Microsoft Visual Studio Solution File, Format Version 12.00
# Visual Studio Version 17
VisualStudioVersion = 17.5.33627.172
MinimumVisualStudioVersion = 10.0.40219.1
Project("{FAE04EC0-301F-11D3-BF4B-00C04F79EFBC}") = "BicimselDillerOdev", "BicimselDillerOdev\BicimselDillerOdev.csproj", "{50ABB17B-AEFD-4765-8F96-86C37F22745D}"
EndProject
Global
	GlobalSection(SolutionConfigurationPlatforms) = preSolution
		Debug|Any CPU = Debug|Any CPU
		Release|Any CPU = Release|Any CPU
	EndGlobalSection
	GlobalSection(ProjectConfigurationPlatforms) = postSolution
		{50ABB17B-AEFD-4765-8F96-86C37F22745D}.Debug|Any CPU.ActiveCfg = Debug|Any CPU
		{50ABB17B-AEFD-4765-8F96-86C37F22745D}.Debug|Any CPU.Build.0 = Debug|Any CPU
		{50ABB17B-AEFD-4765-8F96-86C37F22745D}.Release|Any CPU.ActiveCfg = Release|Any CPU
		{50ABB17B-AEFD-4765-8F96-86C37F22745D}.Release|Any CPU.Build.0 = Release|Any CPU
	EndGlobalSection
	GlobalSection(SolutionProperties) = preSolution
		HideSolutionNode = FALSE
	EndGlobalSection
	GlobalSection(ExtensibilityGlobals) = postSolution
		SolutionGuid = {0732E05E-8C72-48BB-AA40-49C46772CC8F}
	EndGlobalSection
EndGlobal
